
Microsoft Visual Studio Solution File, Format Version 12.00
# Visual Studio Version 17
VisualStudioVersion = 17.1.32120.378
MinimumVisualStudioVersion = 10.0.40219.1
Project("{9A19103F-16F7-4668-BE54-9A1E7A4F7556}") = "MauiShellMvvmHelper", "src\MauiShellMvvmHelper.csproj", "{3ED8973F-3B0F-49D0-B897-8E6713CD62A8}"
EndProject
Project("{2150E333-8FDC-42A3-9474-1A3956D46DE8}") = "src", "src", "{D5300543-14F0-480F-9C31-6DFF200A95FD}"
EndProject
Project("{2150E333-8FDC-42A3-9474-1A3956D46DE8}") = "tests", "tests", "{C90C55D0-DFCB-4388-A046-968197FC9252}"
EndProject
Project("{9A19103F-16F7-4668-BE54-9A1E7A4F7556}") = "MauiShellMvvmHelper.Tests", "tests\MauiShellMvvmHelper.Tests\MauiShellMvvmHelper.Tests.csproj", "{AE66B1CF-BE5F-49C5-BBE7-9870608246C3}"
EndProject
Global
	GlobalSection(SolutionConfigurationPlatforms) = preSolution
		Debug|Any CPU = Debug|Any CPU
		Release|Any CPU = Release|Any CPU
	EndGlobalSection
	GlobalSection(ProjectConfigurationPlatforms) = postSolution
		{3ED8973F-3B0F-49D0-B897-8E6713CD62A8}.Debug|Any CPU.ActiveCfg = Debug|Any CPU
		{3ED8973F-3B0F-49D0-B897-8E6713CD62A8}.Debug|Any CPU.Build.0 = Debug|Any CPU
		{3ED8973F-3B0F-49D0-B897-8E6713CD62A8}.Release|Any CPU.ActiveCfg = Release|Any CPU
		{3ED8973F-3B0F-49D0-B897-8E6713CD62A8}.Release|Any CPU.Build.0 = Release|Any CPU
		{AE66B1CF-BE5F-49C5-BBE7-9870608246C3}.Debug|Any CPU.ActiveCfg = Debug|Any CPU
		{AE66B1CF-BE5F-49C5-BBE7-9870608246C3}.Debug|Any CPU.Build.0 = Debug|Any CPU
		{AE66B1CF-BE5F-49C5-BBE7-9870608246C3}.Release|Any CPU.ActiveCfg = Release|Any CPU
		{AE66B1CF-BE5F-49C5-BBE7-9870608246C3}.Release|Any CPU.Build.0 = Release|Any CPU
	EndGlobalSection
	GlobalSection(SolutionProperties) = preSolution
		HideSolutionNode = FALSE
	EndGlobalSection
	GlobalSection(NestedProjects) = preSolution
		{3ED8973F-3B0F-49D0-B897-8E6713CD62A8} = {D5300543-14F0-480F-9C31-6DFF200A95FD}
		{AE66B1CF-BE5F-49C5-BBE7-9870608246C3} = {C90C55D0-DFCB-4388-A046-968197FC9252}
	EndGlobalSection
	GlobalSection(ExtensibilityGlobals) = postSolution
		SolutionGuid = {5C3E02AA-9EE4-402F-91E9-42A183B212C3}
	EndGlobalSection
EndGlobal
